
Microsoft Visual Studio Solution File, Format Version 12.00
# Visual Studio 15
VisualStudioVersion = 15.0.28307.572
MinimumVisualStudioVersion = 10.0.40219.1
Project("{FAE04EC0-301F-11D3-BF4B-00C04F79EFBC}") = "HOtelViaFlow", "HOtelViaFlow\HOtelViaFlow.csproj", "{A56946E4-B3F2-477E-8F63-A0717268CF7B}"
EndProject
Global
	GlobalSection(SolutionConfigurationPlatforms) = preSolution
		Debug|Any CPU = Debug|Any CPU
		Release|Any CPU = Release|Any CPU
	EndGlobalSection
	GlobalSection(ProjectConfigurationPlatforms) = postSolution
		{A56946E4-B3F2-477E-8F63-A0717268CF7B}.Debug|Any CPU.ActiveCfg = Debug|Any CPU
		{A56946E4-B3F2-477E-8F63-A0717268CF7B}.Debug|Any CPU.Build.0 = Debug|Any CPU
		{A56946E4-B3F2-477E-8F63-A0717268CF7B}.Release|Any CPU.ActiveCfg = Release|Any CPU
		{A56946E4-B3F2-477E-8F63-A0717268CF7B}.Release|Any CPU.Build.0 = Release|Any CPU
	EndGlobalSection
	GlobalSection(SolutionProperties) = preSolution
		HideSolutionNode = FALSE
	EndGlobalSection
	GlobalSection(ExtensibilityGlobals) = postSolution
		SolutionGuid = {A0CCC246-E5B9-4C85-BECC-BE7F53DF4620}
	EndGlobalSection
EndGlobal
